{
  "name": "nunavut",
  "version": "0.1.0",
  "lockfileVersion": 1,
  "requires": true,
  "dependencies": {
    "@types/node": {
      "version": "10.11.2",
      "resolved": "https://registry.npmjs.org/@types/node/-/node-10.11.2.tgz",
      "integrity": "sha512-XubfQDIg88PGJ7netQPf3QOKHF7Xht4WXGtg5W7cGBeQs9ETbYKwfchR9o+tRRA9iLTQ7nAre85M205JbYsjJA=="
    }
  }
}
